// !$*UTF8*$!
{
	archiveVersion = 1;
	classes = {
	};
	objectVersion = 50;
	objects = {

/* Begin PBXBuildFile section */
		D424015925DAFFDA0053045B /* AppDelegate.swift in Sources */ = {isa = PBXBuildFile; fileRef = D424015825DAFFDA0053045B /* AppDelegate.swift */; };
		D424015B25DAFFDA0053045B /* SceneDelegate.swift in Sources */ = {isa = PBXBuildFile; fileRef = D424015A25DAFFDA0053045B /* SceneDelegate.swift */; };
		D424015D25DAFFDA0053045B /* ViewController.swift in Sources */ = {isa = PBXBuildFile; fileRef = D424015C25DAFFDA0053045B /* ViewController.swift */; };
		D424016025DAFFDA0053045B /* Main.storyboard in Resources */ = {isa = PBXBuildFile; fileRef = D424015E25DAFFDA0053045B /* Main.storyboard */; };
		D424016225DAFFDD0053045B /* Assets.xcassets in Resources */ = {isa = PBXBuildFile; fileRef = D424016125DAFFDD0053045B /* Assets.xcassets */; };
		D424016525DAFFDD0053045B /* LaunchScreen.storyboard in Resources */ = {isa = PBXBuildFile; fileRef = D424016325DAFFDD0053045B /* LaunchScreen.storyboard */; };
		D424017025DAFFDD0053045B /* WordGardenTests.swift in Sources */ = {isa = PBXBuildFile; fileRef = D424016F25DAFFDD0053045B /* WordGardenTests.swift */; };
		D424017B25DAFFDD0053045B /* WordGardenUITests.swift in Sources */ = {isa = PBXBuildFile; fileRef = D424017A25DAFFDD0053045B /* WordGardenUITests.swift */; };
/* End PBXBuildFile section */

/* Begin PBXContainerItemProxy section */
		D424016C25DAFFDD0053045B /* PBXContainerItemProxy */ = {
			isa = PBXContainerItemProxy;
			containerPortal = D424014D25DAFFDA0053045B /* Project object */;
			proxyType = 1;
			remoteGlobalIDString = D424015425DAFFDA0053045B;
			remoteInfo = WordGarden;
		};
		D424017725DAFFDD0053045B /* PBXContainerItemProxy */ = {
			isa = PBXContainerItemProxy;
			containerPortal = D424014D25DAFFDA0053045B /* Project object */;
			proxyType = 1;
			remoteGlobalIDString = D424015425DAFFDA0053045B;
			remoteInfo = WordGarden;
		};
/* End PBXContainerItemProxy section */

/* Begin PBXFileReference section */
		D424015525DAFFDA0053045B /* WordGarden.app */ = {isa = PBXFileReference; explicitFileType = wrapper.application; includeInIndex = 0; path = WordGarden.app; sourceTree = BUILT_PRODUCTS_DIR; };
		D424015825DAFFDA0053045B /* AppDelegate.swift */ = {isa = PBXFileReference; lastKnownFileType = sourcecode.swift; path = AppDelegate.swift; sourceTree = "<group>"; };
		D424015A25DAFFDA0053045B /* SceneDelegate.swift */ = {isa = PBXFileReference; lastKnownFileType = sourcecode.swift; path = SceneDelegate.swift; sourceTree = "<group>"; };
		D424015C25DAFFDA0053045B /* ViewController.swift */ = {isa = PBXFileReference; lastKnownFileType = sourcecode.swift; path = ViewController.swift; sourceTree = "<group>"; };
		D424015F25DAFFDA0053045B /* Base */ = {isa = PBXFileReference; lastKnownFileType = file.storyboard; name = Base; path = Base.lproj/Main.storyboard; sourceTree = "<group>"; };
		D424016125DAFFDD0053045B /* Assets.xcassets */ = {isa = PBXFileReference; lastKnownFileType = folder.assetcatalog; path = Assets.xcassets; sourceTree = "<group>"; };
		D424016425DAFFDD0053045B /* Base */ = {isa = PBXFileReference; lastKnownFileType = file.storyboard; name = Base; path = Base.lproj/LaunchScreen.storyboard; sourceTree = "<group>"; };
		D424016625DAFFDD0053045B /* Info.plist */ = {isa = PBXFileReference; lastKnownFileType = text.plist.xml; path = Info.plist; sourceTree = "<group>"; };
		D424016B25DAFFDD0053045B /* WordGardenTests.xctest */ = {isa = PBXFileReference; explicitFileType = wrapper.cfbundle; includeInIndex = 0; path = WordGardenTests.xctest; sourceTree = BUILT_PRODUCTS_DIR; };
		D424016F25DAFFDD0053045B /* WordGardenTests.swift */ = {isa = PBXFileReference; lastKnownFileType = sourcecode.swift; path = WordGardenTests.swift; sourceTree = "<group>"; };
		D424017125DAFFDD0053045B /* Info.plist */ = {isa = PBXFileReference; lastKnownFileType = text.plist.xml; path = Info.plist; sourceTree = "<group>"; };
		D424017625DAFFDD0053045B /* WordGardenUITests.xctest */ = {isa = PBXFileReference; explicitFileType = wrapper.cfbundle; includeInIndex = 0; path = WordGardenUITests.xctest; sourceTree = BUILT_PRODUCTS_DIR; };
		D424017A25DAFFDD0053045B /* WordGardenUITests.swift */ = {isa = PBXFileReference; lastKnownFileType = sourcecode.swift; path = WordGardenUITests.swift; sourceTree = "<group>"; };
		D424017C25DAFFDD0053045B /* Info.plist */ = {isa = PBXFileReference; lastKnownFileType = text.plist.xml; path = Info.plist; sourceTree = "<group>"; };
/* End PBXFileReference section */

/* Begin PBXFrameworksBuildPhase section */
		D424015225DAFFDA0053045B /* Frameworks */ = {
			isa = PBXFrameworksBuildPhase;
			buildActionMask = 2147483647;
			files = (
			);
			runOnlyForDeploymentPostprocessing = 0;
		};
		D424016825DAFFDD0053045B /* Frameworks */ = {
			isa = PBXFrameworksBuildPhase;
			buildActionMask = 2147483647;
			files = (
			);
			runOnlyForDeploymentPostprocessing = 0;
		};
		D424017325DAFFDD0053045B /* Frameworks */ = {
			isa = PBXFrameworksBuildPhase;
			buildActionMask = 2147483647;
			files = (
			);
			runOnlyForDeploymentPostprocessing = 0;
		};
/* End PBXFrameworksBuildPhase section */

/* Begin PBXGroup section */
		D424014C25DAFFDA0053045B = {
			isa = PBXGroup;
			children = (
				D424015725DAFFDA0053045B /* WordGarden */,
				D424016E25DAFFDD0053045B /* WordGardenTests */,
				D424017925DAFFDD0053045B /* WordGardenUITests */,
				D424015625DAFFDA0053045B /* Products */,
			);
			sourceTree = "<group>";
		};
		D424015625DAFFDA0053045B /* Products */ = {
			isa = PBXGroup;
			children = (
				D424015525DAFFDA0053045B /* WordGarden.app */,
				D424016B25DAFFDD0053045B /* WordGardenTests.xctest */,
				D424017625DAFFDD0053045B /* WordGardenUITests.xctest */,
			);
			name = Products;
			sourceTree = "<group>";
		};
		D424015725DAFFDA0053045B /* WordGarden */ = {
			isa = PBXGroup;
			children = (
				D424015825DAFFDA0053045B /* AppDelegate.swift */,
				D424015A25DAFFDA0053045B /* SceneDelegate.swift */,
				D424015C25DAFFDA0053045B /* ViewController.swift */,
				D424015E25DAFFDA0053045B /* Main.storyboard */,
				D424016125DAFFDD0053045B /* Assets.xcassets */,
				D424016325DAFFDD0053045B /* LaunchScreen.storyboard */,
				D424016625DAFFDD0053045B /* Info.plist */,
			);
			path = WordGarden;
			sourceTree = "<group>";
		};
		D424016E25DAFFDD0053045B /* WordGardenTests */ = {
			isa = PBXGroup;
			children = (
				D424016F25DAFFDD0053045B /* WordGardenTests.swift */,
				D424017125DAFFDD0053045B /* Info.plist */,
			);
			path = WordGardenTests;
			sourceTree = "<group>";
		};
		D424017925DAFFDD0053045B /* WordGardenUITests */ = {
			isa = PBXGroup;
			children = (
				D424017A25DAFFDD0053045B /* WordGardenUITests.swift */,
				D424017C25DAFFDD0053045B /* Info.plist */,
			);
			path = WordGardenUITests;
			sourceTree = "<group>";
		};
/* End PBXGroup section */

/* Begin PBXNativeTarget section */
		D424015425DAFFDA0053045B /* WordGarden */ = {
			isa = PBXNativeTarget;
			buildConfigurationList = D424017F25DAFFDD0053045B /* Build configuration list for PBXNativeTarget "WordGarden" */;
			buildPhases = (
				D424015125DAFFDA0053045B /* Sources */,
				D424015225DAFFDA0053045B /* Frameworks */,
				D424015325DAFFDA0053045B /* Resources */,
			);
			buildRules = (
			);
			dependencies = (
			);
			name = WordGarden;
			productName = WordGarden;
			productReference = D424015525DAFFDA0053045B /* WordGarden.app */;
			productType = "com.apple.product-type.application";
		};
		D424016A25DAFFDD0053045B /* WordGardenTests */ = {
			isa = PBXNativeTarget;
			buildConfigurationList = D424018225DAFFDD0053045B /* Build configuration list for PBXNativeTarget "WordGardenTests" */;
			buildPhases = (
				D424016725DAFFDD0053045B /* Sources */,
				D424016825DAFFDD0053045B /* Frameworks */,
				D424016925DAFFDD0053045B /* Resources */,
			);
			buildRules = (
			);
			dependencies = (
				D424016D25DAFFDD0053045B /* PBXTargetDependency */,
			);
			name = WordGardenTests;
			productName = WordGardenTests;
			productReference = D424016B25DAFFDD0053045B /* WordGardenTests.xctest */;
			productType = "com.apple.product-type.bundle.unit-test";
		};
		D424017525DAFFDD0053045B /* WordGardenUITests */ = {
			isa = PBXNativeTarget;
			buildConfigurationList = D424018525DAFFDD0053045B /* Build configuration list for PBXNativeTarget "WordGardenUITests" */;
			buildPhases = (
				D424017225DAFFDD0053045B /* Sources */,
				D424017325DAFFDD0053045B /* Frameworks */,
				D424017425DAFFDD0053045B /* Resources */,
			);
			buildRules = (
			);
			dependencies = (
				D424017825DAFFDD0053045B /* PBXTargetDependency */,
			);
			name = WordGardenUITests;
			productName = WordGardenUITests;
			productReference = D424017625DAFFDD0053045B /* WordGardenUITests.xctest */;
			productType = "com.apple.product-type.bundle.ui-testing";
		};
/* End PBXNativeTarget section */

/* Begin PBXProject section */
		D424014D25DAFFDA0053045B /* Project object */ = {
			isa = PBXProject;
			attributes = {
				LastSwiftUpdateCheck = 1240;
				LastUpgradeCheck = 1240;
				TargetAttributes = {
					D424015425DAFFDA0053045B = {
						CreatedOnToolsVersion = 12.4;
					};
					D424016A25DAFFDD0053045B = {
						CreatedOnToolsVersion = 12.4;
						TestTargetID = D424015425DAFFDA0053045B;
					};
					D424017525DAFFDD0053045B = {
						CreatedOnToolsVersion = 12.4;
						TestTargetID = D424015425DAFFDA0053045B;
					};
				};
			};
			buildConfigurationList = D424015025DAFFDA0053045B /* Build configuration list for PBXProject "WordGarden" */;
			compatibilityVersion = "Xcode 9.3";
			developmentRegion = en;
			hasScannedForEncodings = 0;
			knownRegions = (
				en,
				Base,
			);
			mainGroup = D424014C25DAFFDA0053045B;
			productRefGroup = D424015625DAFFDA0053045B /* Products */;
			projectDirPath = "";
			projectRoot = "";
			targets = (
				D424015425DAFFDA0053045B /* WordGarden */,
				D424016A25DAFFDD0053045B /* WordGardenTests */,
				D424017525DAFFDD0053045B /* WordGardenUITests */,
			);
		};
/* End PBXProject section */

/* Begin PBXResourcesBuildPhase section */
		D424015325DAFFDA0053045B /* Resources */ = {
			isa = PBXResourcesBuildPhase;
			buildActionMask = 2147483647;
			files = (
				D424016525DAFFDD0053045B /* LaunchScreen.storyboard in Resources */,
				D424016225DAFFDD0053045B /* Assets.xcassets in Resources */,
				D424016025DAFFDA0053045B /* Main.storyboard in Resources */,
			);
			runOnlyForDeploymentPostprocessing = 0;
		};
		D424016925DAFFDD0053045B /* Resources */ = {
			isa = PBXResourcesBuildPhase;
			buildActionMask = 2147483647;
			files = (
			);
			runOnlyForDeploymentPostprocessing = 0;
		};
		D424017425DAFFDD0053045B /* Resources */ = {
			isa = PBXResourcesBuildPhase;
			buildActionMask = 2147483647;
			files = (
			);
			runOnlyForDeploymentPostprocessing = 0;
		};
/* End PBXResourcesBuildPhase section */

/* Begin PBXSourcesBuildPhase section */
		D424015125DAFFDA0053045B /* Sources */ = {
			isa = PBXSourcesBuildPhase;
			buildActionMask = 2147483647;
			files = (
				D424015D25DAFFDA0053045B /* ViewController.swift in Sources */,
				D424015925DAFFDA0053045B /* AppDelegate.swift in Sources */,
				D424015B25DAFFDA0053045B /* SceneDelegate.swift in Sources */,
			);
			runOnlyForDeploymentPostprocessing = 0;
		};
		D424016725DAFFDD0053045B /* Sources */ = {
			isa = PBXSourcesBuildPhase;
			buildActionMask = 2147483647;
			files = (
				D424017025DAFFDD0053045B /* WordGardenTests.swift in Sources */,
			);
			runOnlyForDeploymentPostprocessing = 0;
		};
		D424017225DAFFDD0053045B /* Sources */ = {
			isa = PBXSourcesBuildPhase;
			buildActionMask = 2147483647;
			files = (
				D424017B25DAFFDD0053045B /* WordGardenUITests.swift in Sources */,
			);
			runOnlyForDeploymentPostprocessing = 0;
		};
/* End PBXSourcesBuildPhase section */

/* Begin PBXTargetDependency section */
		D424016D25DAFFDD0053045B /* PBXTargetDependency */ = {
			isa = PBXTargetDependency;
			target = D424015425DAFFDA0053045B /* WordGarden */;
			targetProxy = D424016C25DAFFDD0053045B /* PBXContainerItemProxy */;
		};
		D424017825DAFFDD0053045B /* PBXTargetDependency */ = {
			isa = PBXTargetDependency;
			target = D424015425DAFFDA0053045B /* WordGarden */;
			targetProxy = D424017725DAFFDD0053045B /* PBXContainerItemProxy */;
		};
/* End PBXTargetDependency section */

/* Begin PBXVariantGroup section */
		D424015E25DAFFDA0053045B /* Main.storyboard */ = {
			isa = PBXVariantGroup;
			children = (
				D424015F25DAFFDA0053045B /* Base */,
			);
			name = Main.storyboard;
			sourceTree = "<group>";
		};
		D424016325DAFFDD0053045B /* LaunchScreen.storyboard */ = {
			isa = PBXVariantGroup;
			children = (
				D424016425DAFFDD0053045B /* Base */,
			);
			name = LaunchScreen.storyboard;
			sourceTree = "<group>";
		};
/* End PBXVariantGroup section */

/* Begin XCBuildConfiguration section */
		D424017D25DAFFDD0053045B /* Debug */ = {
			isa = XCBuildConfiguration;
			buildSettings = {
				ALWAYS_SEARCH_USER_PATHS = NO;
				CLANG_ANALYZER_NONNULL = YES;
				CLANG_ANALYZER_NUMBER_OBJECT_CONVERSION = YES_AGGRESSIVE;
				CLANG_CXX_LANGUAGE_STANDARD = "gnu++14";
				CLANG_CXX_LIBRARY = "libc++";
				CLANG_ENABLE_MODULES = YES;
				CLANG_ENABLE_OBJC_ARC = YES;
				CLANG_ENABLE_OBJC_WEAK = YES;
				CLANG_WARN_BLOCK_CAPTURE_AUTORELEASING = YES;
				CLANG_WARN_BOOL_CONVERSION = YES;
				CLANG_WARN_COMMA = YES;
				CLANG_WARN_CONSTANT_CONVERSION = YES;
				CLANG_WARN_DEPRECATED_OBJC_IMPLEMENTATIONS = YES;
				CLANG_WARN_DIRECT_OBJC_ISA_USAGE = YES_ERROR;
				CLANG_WARN_DOCUMENTATION_COMMENTS = YES;
				CLANG_WARN_EMPTY_BODY = YES;
				CLANG_WARN_ENUM_CONVERSION = YES;
				CLANG_WARN_INFINITE_RECURSION = YES;
				CLANG_WARN_INT_CONVERSION = YES;
				CLANG_WARN_NON_LITERAL_NULL_CONVERSION = YES;
				CLANG_WARN_OBJC_IMPLICIT_RETAIN_SELF = YES;
				CLANG_WARN_OBJC_LITERAL_CONVERSION = YES;
				CLANG_WARN_OBJC_ROOT_CLASS = YES_ERROR;
				CLANG_WARN_QUOTED_INCLUDE_IN_FRAMEWORK_HEADER = YES;
				CLANG_WARN_RANGE_LOOP_ANALYSIS = YES;
				CLANG_WARN_STRICT_PROTOTYPES = YES;
				CLANG_WARN_SUSPICIOUS_MOVE = YES;
				CLANG_WARN_UNGUARDED_AVAILABILITY = YES_AGGRESSIVE;
				CLANG_WARN_UNREACHABLE_CODE = YES;
				CLANG_WARN__DUPLICATE_METHOD_MATCH = YES;
				COPY_PHASE_STRIP = NO;
				DEBUG_INFORMATION_FORMAT = dwarf;
				ENABLE_STRICT_OBJC_MSGSEND = YES;
				ENABLE_TESTABILITY = YES;
				GCC_C_LANGUAGE_STANDARD = gnu11;
				GCC_DYNAMIC_NO_PIC = NO;
				GCC_NO_COMMON_BLOCKS = YES;
				GCC_OPTIMIZATION_LEVEL = 0;
				GCC_PREPROCESSOR_DEFINITIONS = (
					"DEBUG=1",
					"$(inherited)",
				);
				GCC_WARN_64_TO_32_BIT_CONVERSION = YES;
				GCC_WARN_ABOUT_RETURN_TYPE = YES_ERROR;
				GCC_WARN_UNDECLARED_SELECTOR = YES;
				GCC_WARN_UNINITIALIZED_AUTOS = YES_AGGRESSIVE;
				GCC_WARN_UNUSED_FUNCTION = YES;
				GCC_WARN_UNUSED_VARIABLE = YES;
				IPHONEOS_DEPLOYMENT_TARGET = 14.4;
				MTL_ENABLE_DEBUG_INFO = INCLUDE_SOURCE;
				MTL_FAST_MATH = YES;
				ONLY_ACTIVE_ARCH = YES;
				SDKROOT = iphoneos;
				SWIFT_ACTIVE_COMPILATION_CONDITIONS = DEBUG;
				SWIFT_OPTIMIZATION_LEVEL = "-Onone";
			};
			name = Debug;
		};
		D424017E25DAFFDD0053045B /* Release */ = {
			isa = XCBuildConfiguration;
			buildSettings = {
				ALWAYS_SEARCH_USER_PATHS = NO;
				CLANG_ANALYZER_NONNULL = YES;
				CLANG_ANALYZER_NUMBER_OBJECT_CONVERSION = YES_AGGRESSIVE;
				CLANG_CXX_LANGUAGE_STANDARD = "gnu++14";
				CLANG_CXX_LIBRARY = "libc++";
				CLANG_ENABLE_MODULES = YES;
				CLANG_ENABLE_OBJC_ARC = YES;
				CLANG_ENABLE_OBJC_WEAK = YES;
				CLANG_WARN_BLOCK_CAPTURE_AUTORELEASING = YES;
				CLANG_WARN_BOOL_CONVERSION = YES;
				CLANG_WARN_COMMA = YES;
				CLANG_WARN_CONSTANT_CONVERSION = YES;
				CLANG_WARN_DEPRECATED_OBJC_IMPLEMENTATIONS = YES;
				CLANG_WARN_DIRECT_OBJC_ISA_USAGE = YES_ERROR;
				CLANG_WARN_DOCUMENTATION_COMMENTS = YES;
				CLANG_WARN_EMPTY_BODY = YES;
				CLANG_WARN_ENUM_CONVERSION = YES;
				CLANG_WARN_INFINITE_RECURSION = YES;
				CLANG_WARN_INT_CONVERSION = YES;
				CLANG_WARN_NON_LITERAL_NULL_CONVERSION = YES;
				CLANG_WARN_OBJC_IMPLICIT_RETAIN_SELF = YES;
				CLANG_WARN_OBJC_LITERAL_CONVERSION = YES;
				CLANG_WARN_OBJC_ROOT_CLASS = YES_ERROR;
				CLANG_WARN_QUOTED_INCLUDE_IN_FRAMEWORK_HEADER = YES;
				CLANG_WARN_RANGE_LOOP_ANALYSIS = YES;
				CLANG_WARN_STRICT_PROTOTYPES = YES;
				CLANG_WARN_SUSPICIOUS_MOVE = YES;
				CLANG_WARN_UNGUARDED_AVAILABILITY = YES_AGGRESSIVE;
				CLANG_WARN_UNREACHABLE_CODE = YES;
				CLANG_WARN__DUPLICATE_METHOD_MATCH = YES;
				COPY_PHASE_STRIP = NO;
				DEBUG_INFORMATION_FORMAT = "dwarf-with-dsym";
				ENABLE_NS_ASSERTIONS = NO;
				ENABLE_STRICT_OBJC_MSGSEND = YES;
				GCC_C_LANGUAGE_STANDARD = gnu11;
				GCC_NO_COMMON_BLOCKS = YES;
				GCC_WARN_64_TO_32_BIT_CONVERSION = YES;
				GCC_WARN_ABOUT_RETURN_TYPE = YES_ERROR;
				GCC_WARN_UNDECLARED_SELECTOR = YES;
				GCC_WARN_UNINITIALIZED_AUTOS = YES_AGGRESSIVE;
				GCC_WARN_UNUSED_FUNCTION = YES;
				GCC_WARN_UNUSED_VARIABLE = YES;
				IPHONEOS_DEPLOYMENT_TARGET = 14.4;
				MTL_ENABLE_DEBUG_INFO = NO;
				MTL_FAST_MATH = YES;
				SDKROOT = iphoneos;
				SWIFT_COMPILATION_MODE = wholemodule;
				SWIFT_OPTIMIZATION_LEVEL = "-O";
				VALIDATE_PRODUCT = YES;
			};
			name = Release;
		};
		D424018025DAFFDD0053045B /* Debug */ = {
			isa = XCBuildConfiguration;
			buildSettings = {
				ASSETCATALOG_COMPILER_APPICON_NAME = AppIcon;
				ASSETCATALOG_COMPILER_GLOBAL_ACCENT_COLOR_NAME = AccentColor;
				CODE_SIGN_STYLE = Automatic;
				DEVELOPMENT_TEAM = H994GCMXG7;
				INFOPLIST_FILE = WordGarden/Info.plist;
				LD_RUNPATH_SEARCH_PATHS = (
					"$(inherited)",
					"@executable_path/Frameworks",
				);
				PRODUCT_BUNDLE_IDENTIFIER = gage.WordGarden;
				PRODUCT_NAME = "$(TARGET_NAME)";
				SWIFT_VERSION = 5.0;
				TARGETED_DEVICE_FAMILY = "1,2";
			};
			name = Debug;
		};
		D424018125DAFFDD0053045B /* Release */ = {
			isa = XCBuildConfiguration;
			buildSettings = {
				ASSETCATALOG_COMPILER_APPICON_NAME = AppIcon;
				ASSETCATALOG_COMPILER_GLOBAL_ACCENT_COLOR_NAME = AccentColor;
				CODE_SIGN_STYLE = Automatic;
				DEVELOPMENT_TEAM = H994GCMXG7;
				INFOPLIST_FILE = WordGarden/Info.plist;
				LD_RUNPATH_SEARCH_PATHS = (
					"$(inherited)",
					"@executable_path/Frameworks",
				);
				PRODUCT_BUNDLE_IDENTIFIER = gage.WordGarden;
				PRODUCT_NAME = "$(TARGET_NAME)";
				SWIFT_VERSION = 5.0;
				TARGETED_DEVICE_FAMILY = "1,2";
			};
			name = Release;
		};
		D424018325DAFFDD0053045B /* Debug */ = {
			isa = XCBuildConfiguration;
			buildSettings = {
				ALWAYS_EMBED_SWIFT_STANDARD_LIBRARIES = YES;
				BUNDLE_LOADER = "$(TEST_HOST)";
				CODE_SIGN_STYLE = Automatic;
				DEVELOPMENT_TEAM = H994GCMXG7;
				INFOPLIST_FILE = WordGardenTests/Info.plist;
				IPHONEOS_DEPLOYMENT_TARGET = 14.4;
				LD_RUNPATH_SEARCH_PATHS = (
					"$(inherited)",
					"@executable_path/Frameworks",
					"@loader_path/Frameworks",
				);
				PRODUCT_BUNDLE_IDENTIFIER = gage.WordGardenTests;
				PRODUCT_NAME = "$(TARGET_NAME)";
				SWIFT_VERSION = 5.0;
				TARGETED_DEVICE_FAMILY = "1,2";
				TEST_HOST = "$(BUILT_PRODUCTS_DIR)/WordGarden.app/WordGarden";
			};
			name = Debug;
		};
		D424018425DAFFDD0053045B /* Release */ = {
			isa = XCBuildConfiguration;
			buildSettings = {
				ALWAYS_EMBED_SWIFT_STANDARD_LIBRARIES = YES;
				BUNDLE_LOADER = "$(TEST_HOST)";
				CODE_SIGN_STYLE = Automatic;
				DEVELOPMENT_TEAM = H994GCMXG7;
				INFOPLIST_FILE = WordGardenTests/Info.plist;
				IPHONEOS_DEPLOYMENT_TARGET = 14.4;
				LD_RUNPATH_SEARCH_PATHS = (
					"$(inherited)",
					"@executable_path/Frameworks",
					"@loader_path/Frameworks",
				);
				PRODUCT_BUNDLE_IDENTIFIER = gage.WordGardenTests;
				PRODUCT_NAME = "$(TARGET_NAME)";
				SWIFT_VERSION = 5.0;
				TARGETED_DEVICE_FAMILY = "1,2";
				TEST_HOST = "$(BUILT_PRODUCTS_DIR)/WordGarden.app/WordGarden";
			};
			name = Release;
		};
		D424018625DAFFDD0053045B /* Debug */ = {
			isa = XCBuildConfiguration;
			buildSettings = {
				ALWAYS_EMBED_SWIFT_STANDARD_LIBRARIES = YES;
				CODE_SIGN_STYLE = Automatic;
				DEVELOPMENT_TEAM = H994GCMXG7;
				INFOPLIST_FILE = WordGardenUITests/Info.plist;
				LD_RUNPATH_SEARCH_PATHS = (
					"$(inherited)",
					"@executable_path/Frameworks",
					"@loader_path/Frameworks",
				);
				PRODUCT_BUNDLE_IDENTIFIER = gage.WordGardenUITests;
				PRODUCT_NAME = "$(TARGET_NAME)";
				SWIFT_VERSION = 5.0;
				TARGETED_DEVICE_FAMILY = "1,2";
				TEST_TARGET_NAME = WordGarden;
			};
			name = Debug;
		};
		D424018725DAFFDD0053045B /* Release */ = {
			isa = XCBuildConfiguration;
			buildSettings = {
				ALWAYS_EMBED_SWIFT_STANDARD_LIBRARIES = YES;
				CODE_SIGN_STYLE = Automatic;
				DEVELOPMENT_TEAM = H994GCMXG7;
				INFOPLIST_FILE = WordGardenUITests/Info.plist;
				LD_RUNPATH_SEARCH_PATHS = (
					"$(inherited)",
					"@executable_path/Frameworks",
					"@loader_path/Frameworks",
				);
				PRODUCT_BUNDLE_IDENTIFIER = gage.WordGardenUITests;
				PRODUCT_NAME = "$(TARGET_NAME)";
				SWIFT_VERSION = 5.0;
				TARGETED_DEVICE_FAMILY = "1,2";
				TEST_TARGET_NAME = WordGarden;
			};
			name = Release;
		};
/* End XCBuildConfiguration section */

/* Begin XCConfigurationList section */
		D424015025DAFFDA0053045B /* Build configuration list for PBXProject "WordGarden" */ = {
			isa = XCConfigurationList;
			buildConfigurations = (
				D424017D25DAFFDD0053045B /* Debug */,
				D424017E25DAFFDD0053045B /* Release */,
			);
			defaultConfigurationIsVisible = 0;
			defaultConfigurationName = Release;
		};
		D424017F25DAFFDD0053045B /* Build configuration list for PBXNativeTarget "WordGarden" */ = {
			isa = XCConfigurationList;
			buildConfigurations = (
				D424018025DAFFDD0053045B /* Debug */,
				D424018125DAFFDD0053045B /* Release */,
			);
			defaultConfigurationIsVisible = 0;
			defaultConfigurationName = Release;
		};
		D424018225DAFFDD0053045B /* Build configuration list for PBXNativeTarget "WordGardenTests" */ = {
			isa = XCConfigurationList;
			buildConfigurations = (
				D424018325DAFFDD0053045B /* Debug */,
				D424018425DAFFDD0053045B /* Release */,
			);
			defaultConfigurationIsVisible = 0;
			defaultConfigurationName = Release;
		};
		D424018525DAFFDD0053045B /* Build configuration list for PBXNativeTarget "WordGardenUITests" */ = {
			isa = XCConfigurationList;
			buildConfigurations = (
				D424018625DAFFDD0053045B /* Debug */,
				D424018725DAFFDD0053045B /* Release */,
			);
			defaultConfigurationIsVisible = 0;
			defaultConfigurationName = Release;
		};
/* End XCConfigurationList section */
	};
	rootObject = D424014D25DAFFDA0053045B /* Project object */;
}
